
Microsoft Visual Studio Solution File, Format Version 12.00
# Visual Studio Version 16
VisualStudioVersion = 16.0.29709.97
MinimumVisualStudioVersion = 10.0.40219.1
Project("{FAE04EC0-301F-11D3-BF4B-00C04F79EFBC}") = "Controller", "Controller.csproj", "{B2BA1E16-04A0-4BB5-A648-E0637D002505}"
EndProject
Global
	GlobalSection(SolutionConfigurationPlatforms) = preSolution
		Debug|Any CPU = Debug|Any CPU
		Release|Any CPU = Release|Any CPU
	EndGlobalSection
	GlobalSection(ProjectConfigurationPlatforms) = postSolution
		{B2BA1E16-04A0-4BB5-A648-E0637D002505}.Debug|Any CPU.ActiveCfg = Debug|Any CPU
		{B2BA1E16-04A0-4BB5-A648-E0637D002505}.Debug|Any CPU.Build.0 = Debug|Any CPU
		{B2BA1E16-04A0-4BB5-A648-E0637D002505}.Release|Any CPU.ActiveCfg = Release|Any CPU
		{B2BA1E16-04A0-4BB5-A648-E0637D002505}.Release|Any CPU.Build.0 = Release|Any CPU
	EndGlobalSection
	GlobalSection(SolutionProperties) = preSolution
		HideSolutionNode = FALSE
	EndGlobalSection
	GlobalSection(ExtensibilityGlobals) = postSolution
		SolutionGuid = {3BAD56BD-2FC1-406A-9C96-2470FA801E7D}
	EndGlobalSection
EndGlobal
